
Microsoft Visual Studio Solution File, Format Version 12.00
# Visual Studio 15
VisualStudioVersion = 15.0.26124.0
MinimumVisualStudioVersion = 15.0.26124.0
Project("{FAE04EC0-301F-11D3-BF4B-00C04F79EFBC}") = "Todo.Api", "Todo.Api\Todo.Api.csproj", "{65FCF67D-1A6D-48C9-B6BA-4DF773AC45FE}"
EndProject
Project("{FAE04EC0-301F-11D3-BF4B-00C04F79EFBC}") = "Todo.Database", "Todo.Database\Todo.Database.csproj", "{BF91055C-7E59-4C93-B8BB-EFDC54D6B159}"
EndProject
Global
	GlobalSection(SolutionConfigurationPlatforms) = preSolution
		Debug|Any CPU = Debug|Any CPU
		Debug|x64 = Debug|x64
		Debug|x86 = Debug|x86
		Release|Any CPU = Release|Any CPU
		Release|x64 = Release|x64
		Release|x86 = Release|x86
	EndGlobalSection
	GlobalSection(SolutionProperties) = preSolution
		HideSolutionNode = FALSE
	EndGlobalSection
	GlobalSection(ProjectConfigurationPlatforms) = postSolution
		{65FCF67D-1A6D-48C9-B6BA-4DF773AC45FE}.Debug|Any CPU.ActiveCfg = Debug|Any CPU
		{65FCF67D-1A6D-48C9-B6BA-4DF773AC45FE}.Debug|Any CPU.Build.0 = Debug|Any CPU
		{65FCF67D-1A6D-48C9-B6BA-4DF773AC45FE}.Debug|x64.ActiveCfg = Debug|Any CPU
		{65FCF67D-1A6D-48C9-B6BA-4DF773AC45FE}.Debug|x64.Build.0 = Debug|Any CPU
		{65FCF67D-1A6D-48C9-B6BA-4DF773AC45FE}.Debug|x86.ActiveCfg = Debug|Any CPU
		{65FCF67D-1A6D-48C9-B6BA-4DF773AC45FE}.Debug|x86.Build.0 = Debug|Any CPU
		{65FCF67D-1A6D-48C9-B6BA-4DF773AC45FE}.Release|Any CPU.ActiveCfg = Release|Any CPU
		{65FCF67D-1A6D-48C9-B6BA-4DF773AC45FE}.Release|Any CPU.Build.0 = Release|Any CPU
		{65FCF67D-1A6D-48C9-B6BA-4DF773AC45FE}.Release|x64.ActiveCfg = Release|Any CPU
		{65FCF67D-1A6D-48C9-B6BA-4DF773AC45FE}.Release|x64.Build.0 = Release|Any CPU
		{65FCF67D-1A6D-48C9-B6BA-4DF773AC45FE}.Release|x86.ActiveCfg = Release|Any CPU
		{65FCF67D-1A6D-48C9-B6BA-4DF773AC45FE}.Release|x86.Build.0 = Release|Any CPU
		{BF91055C-7E59-4C93-B8BB-EFDC54D6B159}.Debug|Any CPU.ActiveCfg = Debug|Any CPU
		{BF91055C-7E59-4C93-B8BB-EFDC54D6B159}.Debug|Any CPU.Build.0 = Debug|Any CPU
		{BF91055C-7E59-4C93-B8BB-EFDC54D6B159}.Debug|x64.ActiveCfg = Debug|Any CPU
		{BF91055C-7E59-4C93-B8BB-EFDC54D6B159}.Debug|x64.Build.0 = Debug|Any CPU
		{BF91055C-7E59-4C93-B8BB-EFDC54D6B159}.Debug|x86.ActiveCfg = Debug|Any CPU
		{BF91055C-7E59-4C93-B8BB-EFDC54D6B159}.Debug|x86.Build.0 = Debug|Any CPU
		{BF91055C-7E59-4C93-B8BB-EFDC54D6B159}.Release|Any CPU.ActiveCfg = Release|Any CPU
		{BF91055C-7E59-4C93-B8BB-EFDC54D6B159}.Release|Any CPU.Build.0 = Release|Any CPU
		{BF91055C-7E59-4C93-B8BB-EFDC54D6B159}.Release|x64.ActiveCfg = Release|Any CPU
		{BF91055C-7E59-4C93-B8BB-EFDC54D6B159}.Release|x64.Build.0 = Release|Any CPU
		{BF91055C-7E59-4C93-B8BB-EFDC54D6B159}.Release|x86.ActiveCfg = Release|Any CPU
		{BF91055C-7E59-4C93-B8BB-EFDC54D6B159}.Release|x86.Build.0 = Release|Any CPU
	EndGlobalSection
EndGlobal
